
Microsoft Visual Studio Solution File, Format Version 12.00
# Visual Studio Version 16
VisualStudioVersion = 16.0.29503.13
MinimumVisualStudioVersion = 10.0.40219.1
Project("{FAE04EC0-301F-11D3-BF4B-00C04F79EFBC}") = "PuzzaleGame", "PuzzaleGame\PuzzaleGame.csproj", "{1DE23ADB-C2B9-40EA-A7A4-10AF7110296E}"
EndProject
Global
	GlobalSection(SolutionConfigurationPlatforms) = preSolution
		Debug|Any CPU = Debug|Any CPU
		Release|Any CPU = Release|Any CPU
	EndGlobalSection
	GlobalSection(ProjectConfigurationPlatforms) = postSolution
		{1DE23ADB-C2B9-40EA-A7A4-10AF7110296E}.Debug|Any CPU.ActiveCfg = Debug|Any CPU
		{1DE23ADB-C2B9-40EA-A7A4-10AF7110296E}.Debug|Any CPU.Build.0 = Debug|Any CPU
		{1DE23ADB-C2B9-40EA-A7A4-10AF7110296E}.Release|Any CPU.ActiveCfg = Release|Any CPU
		{1DE23ADB-C2B9-40EA-A7A4-10AF7110296E}.Release|Any CPU.Build.0 = Release|Any CPU
	EndGlobalSection
	GlobalSection(SolutionProperties) = preSolution
		HideSolutionNode = FALSE
	EndGlobalSection
	GlobalSection(ExtensibilityGlobals) = postSolution
		SolutionGuid = {F9770FCC-ED4F-449E-A467-30E46329CE93}
	EndGlobalSection
EndGlobal
